
Microsoft Visual Studio Solution File, Format Version 12.00
# Visual Studio Version 16
VisualStudioVersion = 16.0.29920.165
MinimumVisualStudioVersion = 10.0.40219.1
Project("{9A19103F-16F7-4668-BE54-9A1E7A4F7556}") = "SixNimmt.Server", "Server\SixNimmt.Server.csproj", "{62697DAF-DBA8-4045-816B-7B9B1828A324}"
EndProject
Project("{9A19103F-16F7-4668-BE54-9A1E7A4F7556}") = "SixNimmt.Client", "Client\SixNimmt.Client.csproj", "{109BB791-D002-4341-813A-5BF775C60833}"
EndProject
Project("{9A19103F-16F7-4668-BE54-9A1E7A4F7556}") = "SixNimmt.Shared", "Shared\SixNimmt.Shared.csproj", "{086C23A4-C7F1-4E41-A339-AD9A62603F08}"
EndProject
Project("{9A19103F-16F7-4668-BE54-9A1E7A4F7556}") = "SixNimmt.Test", "Test\SixNimmt.Test.csproj", "{1CE89665-63E0-47B3-BC06-A81E5B46C87F}"
EndProject
Global
	GlobalSection(SolutionConfigurationPlatforms) = preSolution
		Debug|Any CPU = Debug|Any CPU
		Release|Any CPU = Release|Any CPU
	EndGlobalSection
	GlobalSection(ProjectConfigurationPlatforms) = postSolution
		{62697DAF-DBA8-4045-816B-7B9B1828A324}.Debug|Any CPU.ActiveCfg = Debug|Any CPU
		{62697DAF-DBA8-4045-816B-7B9B1828A324}.Debug|Any CPU.Build.0 = Debug|Any CPU
		{62697DAF-DBA8-4045-816B-7B9B1828A324}.Release|Any CPU.ActiveCfg = Release|Any CPU
		{62697DAF-DBA8-4045-816B-7B9B1828A324}.Release|Any CPU.Build.0 = Release|Any CPU
		{109BB791-D002-4341-813A-5BF775C60833}.Debug|Any CPU.ActiveCfg = Debug|Any CPU
		{109BB791-D002-4341-813A-5BF775C60833}.Debug|Any CPU.Build.0 = Debug|Any CPU
		{109BB791-D002-4341-813A-5BF775C60833}.Release|Any CPU.ActiveCfg = Release|Any CPU
		{109BB791-D002-4341-813A-5BF775C60833}.Release|Any CPU.Build.0 = Release|Any CPU
		{086C23A4-C7F1-4E41-A339-AD9A62603F08}.Debug|Any CPU.ActiveCfg = Debug|Any CPU
		{086C23A4-C7F1-4E41-A339-AD9A62603F08}.Debug|Any CPU.Build.0 = Debug|Any CPU
		{086C23A4-C7F1-4E41-A339-AD9A62603F08}.Release|Any CPU.ActiveCfg = Release|Any CPU
		{086C23A4-C7F1-4E41-A339-AD9A62603F08}.Release|Any CPU.Build.0 = Release|Any CPU
		{1CE89665-63E0-47B3-BC06-A81E5B46C87F}.Debug|Any CPU.ActiveCfg = Debug|Any CPU
		{1CE89665-63E0-47B3-BC06-A81E5B46C87F}.Debug|Any CPU.Build.0 = Debug|Any CPU
		{1CE89665-63E0-47B3-BC06-A81E5B46C87F}.Release|Any CPU.ActiveCfg = Release|Any CPU
		{1CE89665-63E0-47B3-BC06-A81E5B46C87F}.Release|Any CPU.Build.0 = Release|Any CPU
	EndGlobalSection
	GlobalSection(SolutionProperties) = preSolution
		HideSolutionNode = FALSE
	EndGlobalSection
	GlobalSection(ExtensibilityGlobals) = postSolution
		SolutionGuid = {3E36CEE7-3859-4B70-9ABB-54C6673E6823}
	EndGlobalSection
EndGlobal
